{
    "_readme": [
        "This file locks the dependencies of your project to a known state",
        "Read more about it at https://getcomposer.org/doc/01-basic-usage.md#installing-dependencies",
        "This file is @generated automatically"
    ],
    "content-hash": "7b12e97a4dd7885a486c1f8f333f6ac5",
    "packages": [
        {
            "name": "avify/avify-php-client",
            "version": "1.0.1",
            "source": {
                "type": "git",
                "url": "https://github.com/avify-com/avify-php-client.git",
                "reference": "3b8235d17de431cd3d885b2e7545db453379a04e"
            },
            "dist": {
                "type": "zip",
                "url": "https://api.github.com/repos/avify-com/avify-php-client/zipball/3b8235d17de431cd3d885b2e7545db453379a04e",
                "reference": "3b8235d17de431cd3d885b2e7545db453379a04e",
                "shasum": ""
            },
            "require": {
                "php": ">=5.6.0"
            },
            "type": "library",
            "autoload": {
                "psr-4": {
                    "App\\": "src/"
                }
            },
            "notification-url": "https://packagist.org/downloads/",
            "license": [
                "MIT"
            ],
            "authors": [
                {
                    "name": "Avify",
                    "email": "dev@avify.com"
                }
            ],
            "description": "Avify PHP Client Library",
            "support": {
                "issues": "https://github.com/avify-com/avify-php-client/issues",
                "source": "https://github.com/avify-com/avify-php-client/tree/1.0.1"
            },
            "time": "2022-02-24T00:35:26+00:00"
        }
    ],
    "packages-dev": [],
    "aliases": [],
    "minimum-stability": "stable",
    "stability-flags": [],
    "prefer-stable": false,
    "prefer-lowest": false,
    "platform": [],
    "platform-dev": [],
    "plugin-api-version": "2.1.0"
}
